
Microsoft Visual Studio Solution File, Format Version 12.00
# Visual Studio Version 17
VisualStudioVersion = 17.1.32228.430
MinimumVisualStudioVersion = 10.0.40219.1
Project("{2150E333-8FDC-42A3-9474-1A3956D46DE8}") = "2-ServiceLayer", "2-ServiceLayer", "{0E871D72-24E2-4EBA-82DB-5B01D511C2AE}"
EndProject
Project("{2150E333-8FDC-42A3-9474-1A3956D46DE8}") = "3-BusinessLayer", "3-BusinessLayer", "{5723F559-2D97-4E4D-B179-05090343B5E0}"
EndProject
Project("{2150E333-8FDC-42A3-9474-1A3956D46DE8}") = "4-DataLayer", "4-DataLayer", "{153E1C98-A82A-46EC-8600-6C62462510B6}"
EndProject
Project("{2150E333-8FDC-42A3-9474-1A3956D46DE8}") = "5-DomainLayer", "5-DomainLayer", "{A171129C-A8B9-44DB-97C9-2116B71A25DA}"
EndProject
Project("{2150E333-8FDC-42A3-9474-1A3956D46DE8}") = "6-CommonLayer", "6-CommonLayer", "{C17A9621-7831-40FE-9C81-5408DAE763AD}"
EndProject
Project("{2150E333-8FDC-42A3-9474-1A3956D46DE8}") = "7-TestLayer", "7-TestLayer", "{CB2F69F9-7392-4967-966F-6F5F8082D80B}"
EndProject
Project("{2150E333-8FDC-42A3-9474-1A3956D46DE8}") = "1-PresentationLayer", "1-PresentationLayer", "{CD32A8B0-1CA3-4103-B3BF-FA425032AD0E}"
EndProject
Project("{9A19103F-16F7-4668-BE54-9A1E7A4F7556}") = "Ski.Base.Util", "Ski.Base\Ski.Base.Util\Ski.Base.Util.csproj", "{0FFDB7D5-23B0-432A-8A68-CEFE4B578BF7}"
EndProject
Project("{9A19103F-16F7-4668-BE54-9A1E7A4F7556}") = "Ski.Member.WebService", "Ski.Member\Ski.Member.WebService\Ski.Member.WebService.csproj", "{553CB552-6E80-4C83-B72A-7E1BD7BBC625}"
EndProject
Project("{9A19103F-16F7-4668-BE54-9A1E7A4F7556}") = "Ski.Member.Business", "Ski.Member\Ski.Member.Business\Ski.Member.Business.csproj", "{23D5A077-CC41-4298-BD27-1AC1932262E9}"
EndProject
Project("{9A19103F-16F7-4668-BE54-9A1E7A4F7556}") = "Ski.Member.Data", "Ski.Member\Ski.Member.Data\Ski.Member.Data.csproj", "{C0A1B594-41FB-4467-8F07-4A5944D1DAE1}"
EndProject
Project("{9A19103F-16F7-4668-BE54-9A1E7A4F7556}") = "Ski.Member.Domain", "Ski.Member\Ski.Member.Domain\Ski.Member.Domain.csproj", "{379BADF5-751E-4216-9693-9E00FBA855DC}"
EndProject
Project("{54A90642-561A-4BB1-A94E-469ADEE60C69}") = "ski.member.website", "Ski.Member\Ski.Member.Website\ski.member.website.esproj", "{A74317BF-833B-49EE-945B-E6CFAA4FC594}"
EndProject
Global
	GlobalSection(SolutionConfigurationPlatforms) = preSolution
		Debug|Any CPU = Debug|Any CPU
		Release|Any CPU = Release|Any CPU
	EndGlobalSection
	GlobalSection(ProjectConfigurationPlatforms) = postSolution
		{0FFDB7D5-23B0-432A-8A68-CEFE4B578BF7}.Debug|Any CPU.ActiveCfg = Debug|Any CPU
		{0FFDB7D5-23B0-432A-8A68-CEFE4B578BF7}.Debug|Any CPU.Build.0 = Debug|Any CPU
		{0FFDB7D5-23B0-432A-8A68-CEFE4B578BF7}.Release|Any CPU.ActiveCfg = Release|Any CPU
		{0FFDB7D5-23B0-432A-8A68-CEFE4B578BF7}.Release|Any CPU.Build.0 = Release|Any CPU
		{553CB552-6E80-4C83-B72A-7E1BD7BBC625}.Debug|Any CPU.ActiveCfg = Debug|Any CPU
		{553CB552-6E80-4C83-B72A-7E1BD7BBC625}.Debug|Any CPU.Build.0 = Debug|Any CPU
		{553CB552-6E80-4C83-B72A-7E1BD7BBC625}.Release|Any CPU.ActiveCfg = Release|Any CPU
		{553CB552-6E80-4C83-B72A-7E1BD7BBC625}.Release|Any CPU.Build.0 = Release|Any CPU
		{23D5A077-CC41-4298-BD27-1AC1932262E9}.Debug|Any CPU.ActiveCfg = Debug|Any CPU
		{23D5A077-CC41-4298-BD27-1AC1932262E9}.Debug|Any CPU.Build.0 = Debug|Any CPU
		{23D5A077-CC41-4298-BD27-1AC1932262E9}.Release|Any CPU.ActiveCfg = Release|Any CPU
		{23D5A077-CC41-4298-BD27-1AC1932262E9}.Release|Any CPU.Build.0 = Release|Any CPU
		{C0A1B594-41FB-4467-8F07-4A5944D1DAE1}.Debug|Any CPU.ActiveCfg = Debug|Any CPU
		{C0A1B594-41FB-4467-8F07-4A5944D1DAE1}.Debug|Any CPU.Build.0 = Debug|Any CPU
		{C0A1B594-41FB-4467-8F07-4A5944D1DAE1}.Release|Any CPU.ActiveCfg = Release|Any CPU
		{C0A1B594-41FB-4467-8F07-4A5944D1DAE1}.Release|Any CPU.Build.0 = Release|Any CPU
		{379BADF5-751E-4216-9693-9E00FBA855DC}.Debug|Any CPU.ActiveCfg = Debug|Any CPU
		{379BADF5-751E-4216-9693-9E00FBA855DC}.Debug|Any CPU.Build.0 = Debug|Any CPU
		{379BADF5-751E-4216-9693-9E00FBA855DC}.Release|Any CPU.ActiveCfg = Release|Any CPU
		{379BADF5-751E-4216-9693-9E00FBA855DC}.Release|Any CPU.Build.0 = Release|Any CPU
		{A74317BF-833B-49EE-945B-E6CFAA4FC594}.Debug|Any CPU.ActiveCfg = Debug|Any CPU
		{A74317BF-833B-49EE-945B-E6CFAA4FC594}.Debug|Any CPU.Build.0 = Debug|Any CPU
		{A74317BF-833B-49EE-945B-E6CFAA4FC594}.Debug|Any CPU.Deploy.0 = Debug|Any CPU
		{A74317BF-833B-49EE-945B-E6CFAA4FC594}.Release|Any CPU.ActiveCfg = Release|Any CPU
		{A74317BF-833B-49EE-945B-E6CFAA4FC594}.Release|Any CPU.Build.0 = Release|Any CPU
		{A74317BF-833B-49EE-945B-E6CFAA4FC594}.Release|Any CPU.Deploy.0 = Release|Any CPU
	EndGlobalSection
	GlobalSection(SolutionProperties) = preSolution
		HideSolutionNode = FALSE
	EndGlobalSection
	GlobalSection(NestedProjects) = preSolution
		{0FFDB7D5-23B0-432A-8A68-CEFE4B578BF7} = {C17A9621-7831-40FE-9C81-5408DAE763AD}
		{553CB552-6E80-4C83-B72A-7E1BD7BBC625} = {0E871D72-24E2-4EBA-82DB-5B01D511C2AE}
		{23D5A077-CC41-4298-BD27-1AC1932262E9} = {5723F559-2D97-4E4D-B179-05090343B5E0}
		{C0A1B594-41FB-4467-8F07-4A5944D1DAE1} = {153E1C98-A82A-46EC-8600-6C62462510B6}
		{379BADF5-751E-4216-9693-9E00FBA855DC} = {A171129C-A8B9-44DB-97C9-2116B71A25DA}
		{A74317BF-833B-49EE-945B-E6CFAA4FC594} = {CD32A8B0-1CA3-4103-B3BF-FA425032AD0E}
	EndGlobalSection
	GlobalSection(ExtensibilityGlobals) = postSolution
		SolutionGuid = {9A1BDBB3-BDCD-4F48-B141-2D9209E377BB}
	EndGlobalSection
EndGlobal
